
Microsoft Visual Studio Solution File, Format Version 12.00
# Visual Studio Version 17
VisualStudioVersion = 17.1.32407.343
MinimumVisualStudioVersion = 10.0.40219.1
Project("{FAE04EC0-301F-11D3-BF4B-00C04F79EFBC}") = "xadrez-console", "xadrez-console\xadrez-console.csproj", "{B875670A-8BD7-473A-821F-A2592EA48914}"
EndProject
Global
	GlobalSection(SolutionConfigurationPlatforms) = preSolution
		Debug|Any CPU = Debug|Any CPU
		Release|Any CPU = Release|Any CPU
	EndGlobalSection
	GlobalSection(ProjectConfigurationPlatforms) = postSolution
		{B875670A-8BD7-473A-821F-A2592EA48914}.Debug|Any CPU.ActiveCfg = Debug|Any CPU
		{B875670A-8BD7-473A-821F-A2592EA48914}.Debug|Any CPU.Build.0 = Debug|Any CPU
		{B875670A-8BD7-473A-821F-A2592EA48914}.Release|Any CPU.ActiveCfg = Release|Any CPU
		{B875670A-8BD7-473A-821F-A2592EA48914}.Release|Any CPU.Build.0 = Release|Any CPU
	EndGlobalSection
	GlobalSection(SolutionProperties) = preSolution
		HideSolutionNode = FALSE
	EndGlobalSection
	GlobalSection(ExtensibilityGlobals) = postSolution
		SolutionGuid = {9F9EB8EA-1B06-4DCB-BBE5-E0DFED849FAA}
	EndGlobalSection
EndGlobal
